// !$*UTF8*$!
{
	archiveVersion = 1;
	classes = {
	};
	objectVersion = 51;
	objects = {

/* Begin PBXBuildFile section */
		431694DD24D4A46B00674FA2 /* AppDelegate.swift in Sources */ = {isa = PBXBuildFile; fileRef = 431694DC24D4A46B00674FA2 /* AppDelegate.swift */; };
		431694DF24D4A46B00674FA2 /* SceneDelegate.swift in Sources */ = {isa = PBXBuildFile; fileRef = 431694DE24D4A46B00674FA2 /* SceneDelegate.swift */; };
		431694E124D4A46B00674FA2 /* ViewController.swift in Sources */ = {isa = PBXBuildFile; fileRef = 431694E024D4A46B00674FA2 /* ViewController.swift */; };
		431694E424D4A46B00674FA2 /* Main.storyboard in Resources */ = {isa = PBXBuildFile; fileRef = 431694E224D4A46B00674FA2 /* Main.storyboard */; };
		431694E724D4A46B00674FA2 /* AR_HIreApp.xcdatamodeld in Sources */ = {isa = PBXBuildFile; fileRef = 431694E524D4A46B00674FA2 /* AR_HIreApp.xcdatamodeld */; };
		431694E924D4A46D00674FA2 /* Assets.xcassets in Resources */ = {isa = PBXBuildFile; fileRef = 431694E824D4A46D00674FA2 /* Assets.xcassets */; };
		431694EC24D4A46D00674FA2 /* LaunchScreen.storyboard in Resources */ = {isa = PBXBuildFile; fileRef = 431694EA24D4A46D00674FA2 /* LaunchScreen.storyboard */; };
		431694F724D4A8EB00674FA2 /* RegisterViewController.swift in Sources */ = {isa = PBXBuildFile; fileRef = 431694F624D4A8EB00674FA2 /* RegisterViewController.swift */; };
		431694F924D4A90B00674FA2 /* LoginViewController.swift in Sources */ = {isa = PBXBuildFile; fileRef = 431694F824D4A90B00674FA2 /* LoginViewController.swift */; };
		431694FB24D4A95300674FA2 /* HomeViewController.swift in Sources */ = {isa = PBXBuildFile; fileRef = 431694FA24D4A95300674FA2 /* HomeViewController.swift */; };
		431694FD24D4A98B00674FA2 /* MainTabBarController.swift in Sources */ = {isa = PBXBuildFile; fileRef = 431694FC24D4A98B00674FA2 /* MainTabBarController.swift */; };
		431694FF24D4AA6200674FA2 /* Utilities.swift in Sources */ = {isa = PBXBuildFile; fileRef = 431694FE24D4AA6200674FA2 /* Utilities.swift */; };
		4316950224D4AF0F00674FA2 /* GoogleService-Info.plist in Resources */ = {isa = PBXBuildFile; fileRef = 4316950124D4AF0F00674FA2 /* GoogleService-Info.plist */; };
		4316950524D4B10900674FA2 /* video.mp4 in Resources */ = {isa = PBXBuildFile; fileRef = 4316950424D4B10900674FA2 /* video.mp4 */; };
		C12A05C9239BD5FFEFAD9E75 /* Pods_AR_HIreApp.framework in Frameworks */ = {isa = PBXBuildFile; fileRef = F2319796CDD32066198C8B5C /* Pods_AR_HIreApp.framework */; };
/* End PBXBuildFile section */

/* Begin PBXFileReference section */
		431694D924D4A46B00674FA2 /* AR HIreApp.app */ = {isa = PBXFileReference; explicitFileType = wrapper.application; includeInIndex = 0; path = "AR HIreApp.app"; sourceTree = BUILT_PRODUCTS_DIR; };
		431694DC24D4A46B00674FA2 /* AppDelegate.swift */ = {isa = PBXFileReference; lastKnownFileType = sourcecode.swift; path = AppDelegate.swift; sourceTree = "<group>"; };
		431694DE24D4A46B00674FA2 /* SceneDelegate.swift */ = {isa = PBXFileReference; lastKnownFileType = sourcecode.swift; path = SceneDelegate.swift; sourceTree = "<group>"; };
		431694E024D4A46B00674FA2 /* ViewController.swift */ = {isa = PBXFileReference; lastKnownFileType = sourcecode.swift; path = ViewController.swift; sourceTree = "<group>"; };
		431694E324D4A46B00674FA2 /* Base */ = {isa = PBXFileReference; lastKnownFileType = file.storyboard; name = Base; path = Base.lproj/Main.storyboard; sourceTree = "<group>"; };
		431694E624D4A46B00674FA2 /* AR_HIreApp.xcdatamodel */ = {isa = PBXFileReference; lastKnownFileType = wrapper.xcdatamodel; path = AR_HIreApp.xcdatamodel; sourceTree = "<group>"; };
		431694E824D4A46D00674FA2 /* Assets.xcassets */ = {isa = PBXFileReference; lastKnownFileType = folder.assetcatalog; path = Assets.xcassets; sourceTree = "<group>"; };
		431694EB24D4A46D00674FA2 /* Base */ = {isa = PBXFileReference; lastKnownFileType = file.storyboard; name = Base; path = Base.lproj/LaunchScreen.storyboard; sourceTree = "<group>"; };
		431694ED24D4A46D00674FA2 /* Info.plist */ = {isa = PBXFileReference; lastKnownFileType = text.plist.xml; path = Info.plist; sourceTree = "<group>"; };
		431694F624D4A8EB00674FA2 /* RegisterViewController.swift */ = {isa = PBXFileReference; lastKnownFileType = sourcecode.swift; path = RegisterViewController.swift; sourceTree = "<group>"; };
		431694F824D4A90B00674FA2 /* LoginViewController.swift */ = {isa = PBXFileReference; lastKnownFileType = sourcecode.swift; path = LoginViewController.swift; sourceTree = "<group>"; };
		431694FA24D4A95300674FA2 /* HomeViewController.swift */ = {isa = PBXFileReference; lastKnownFileType = sourcecode.swift; path = HomeViewController.swift; sourceTree = "<group>"; };
		431694FC24D4A98B00674FA2 /* MainTabBarController.swift */ = {isa = PBXFileReference; lastKnownFileType = sourcecode.swift; path = MainTabBarController.swift; sourceTree = "<group>"; };
		431694FE24D4AA6200674FA2 /* Utilities.swift */ = {isa = PBXFileReference; lastKnownFileType = sourcecode.swift; path = Utilities.swift; sourceTree = "<group>"; };
		4316950124D4AF0F00674FA2 /* GoogleService-Info.plist */ = {isa = PBXFileReference; fileEncoding = 4; lastKnownFileType = text.plist.xml; path = "GoogleService-Info.plist"; sourceTree = "<group>"; };
		4316950424D4B10900674FA2 /* video.mp4 */ = {isa = PBXFileReference; lastKnownFileType = file; path = video.mp4; sourceTree = "<group>"; };
		5DFED36A7FFACB6A339901E0 /* Pods-AR HIreApp.release.xcconfig */ = {isa = PBXFileReference; includeInIndex = 1; lastKnownFileType = text.xcconfig; name = "Pods-AR HIreApp.release.xcconfig"; path = "Target Support Files/Pods-AR HIreApp/Pods-AR HIreApp.release.xcconfig"; sourceTree = "<group>"; };
		DF94ABA288D2479805DB8EBA /* Pods-AR HIreApp.debug.xcconfig */ = {isa = PBXFileReference; includeInIndex = 1; lastKnownFileType = text.xcconfig; name = "Pods-AR HIreApp.debug.xcconfig"; path = "Target Support Files/Pods-AR HIreApp/Pods-AR HIreApp.debug.xcconfig"; sourceTree = "<group>"; };
		F2319796CDD32066198C8B5C /* Pods_AR_HIreApp.framework */ = {isa = PBXFileReference; explicitFileType = wrapper.framework; includeInIndex = 0; path = Pods_AR_HIreApp.framework; sourceTree = BUILT_PRODUCTS_DIR; };
/* End PBXFileReference section */

/* Begin PBXFrameworksBuildPhase section */
		431694D624D4A46B00674FA2 /* Frameworks */ = {
			isa = PBXFrameworksBuildPhase;
			buildActionMask = 2147483647;
			files = (
				C12A05C9239BD5FFEFAD9E75 /* Pods_AR_HIreApp.framework in Frameworks */,
			);
			runOnlyForDeploymentPostprocessing = 0;
		};
/* End PBXFrameworksBuildPhase section */

/* Begin PBXGroup section */
		240AB85A4237001B1CCD483B /* Pods */ = {
			isa = PBXGroup;
			children = (
				DF94ABA288D2479805DB8EBA /* Pods-AR HIreApp.debug.xcconfig */,
				5DFED36A7FFACB6A339901E0 /* Pods-AR HIreApp.release.xcconfig */,
			);
			path = Pods;
			sourceTree = "<group>";
		};
		431694D024D4A46B00674FA2 = {
			isa = PBXGroup;
			children = (
				431694DB24D4A46B00674FA2 /* AR HIreApp */,
				431694DA24D4A46B00674FA2 /* Products */,
				240AB85A4237001B1CCD483B /* Pods */,
				4B397120710A992BF9FC4D25 /* Frameworks */,
			);
			sourceTree = "<group>";
		};
		431694DA24D4A46B00674FA2 /* Products */ = {
			isa = PBXGroup;
			children = (
				431694D924D4A46B00674FA2 /* AR HIreApp.app */,
			);
			name = Products;
			sourceTree = "<group>";
		};
		431694DB24D4A46B00674FA2 /* AR HIreApp */ = {
			isa = PBXGroup;
			children = (
				431694DC24D4A46B00674FA2 /* AppDelegate.swift */,
				431694DE24D4A46B00674FA2 /* SceneDelegate.swift */,
				4316950324D4B0F100674FA2 /* Media */,
				4316950024D4AA6A00674FA2 /* Model */,
				431694F324D4A88400674FA2 /* Controller */,
				431694F524D4A8A600674FA2 /* View */,
				431694E824D4A46D00674FA2 /* Assets.xcassets */,
				431694EA24D4A46D00674FA2 /* LaunchScreen.storyboard */,
				431694ED24D4A46D00674FA2 /* Info.plist */,
				4316950124D4AF0F00674FA2 /* GoogleService-Info.plist */,
				431694E524D4A46B00674FA2 /* AR_HIreApp.xcdatamodeld */,
			);
			path = "AR HIreApp";
			sourceTree = "<group>";
		};
		431694F324D4A88400674FA2 /* Controller */ = {
			isa = PBXGroup;
			children = (
				431694F424D4A88F00674FA2 /* LoginAndSignUp */,
				431694FA24D4A95300674FA2 /* HomeViewController.swift */,
				431694FC24D4A98B00674FA2 /* MainTabBarController.swift */,
			);
			path = Controller;
			sourceTree = "<group>";
		};
		431694F424D4A88F00674FA2 /* LoginAndSignUp */ = {
			isa = PBXGroup;
			children = (
				431694F624D4A8EB00674FA2 /* RegisterViewController.swift */,
				431694E024D4A46B00674FA2 /* ViewController.swift */,
				431694F824D4A90B00674FA2 /* LoginViewController.swift */,
			);
			path = LoginAndSignUp;
			sourceTree = "<group>";
		};
		431694F524D4A8A600674FA2 /* View */ = {
			isa = PBXGroup;
			children = (
				431694E224D4A46B00674FA2 /* Main.storyboard */,
			);
			path = View;
			sourceTree = "<group>";
		};
		4316950024D4AA6A00674FA2 /* Model */ = {
			isa = PBXGroup;
			children = (
				431694FE24D4AA6200674FA2 /* Utilities.swift */,
			);
			path = Model;
			sourceTree = "<group>";
		};
		4316950324D4B0F100674FA2 /* Media */ = {
			isa = PBXGroup;
			children = (
				4316950424D4B10900674FA2 /* video.mp4 */,
			);
			path = Media;
			sourceTree = "<group>";
		};
		4B397120710A992BF9FC4D25 /* Frameworks */ = {
			isa = PBXGroup;
			children = (
				F2319796CDD32066198C8B5C /* Pods_AR_HIreApp.framework */,
			);
			name = Frameworks;
			sourceTree = "<group>";
		};
/* End PBXGroup section */

/* Begin PBXNativeTarget section */
		431694D824D4A46B00674FA2 /* AR HIreApp */ = {
			isa = PBXNativeTarget;
			buildConfigurationList = 431694F024D4A46D00674FA2 /* Build configuration list for PBXNativeTarget "AR HIreApp" */;
			buildPhases = (
				AD726E64489A280E3896A5E0 /* [CP] Check Pods Manifest.lock */,
				431694D524D4A46B00674FA2 /* Sources */,
				431694D624D4A46B00674FA2 /* Frameworks */,
				431694D724D4A46B00674FA2 /* Resources */,
				8799A242EA5A244BA5042A15 /* [CP] Embed Pods Frameworks */,
			);
			buildRules = (
			);
			dependencies = (
			);
			name = "AR HIreApp";
			productName = "AR HIreApp";
			productReference = 431694D924D4A46B00674FA2 /* AR HIreApp.app */;
			productType = "com.apple.product-type.application";
		};
/* End PBXNativeTarget section */

/* Begin PBXProject section */
		431694D124D4A46B00674FA2 /* Project object */ = {
			isa = PBXProject;
			attributes = {
				LastSwiftUpdateCheck = 1160;
				LastUpgradeCheck = 1160;
				ORGANIZATIONNAME = "Cryton Sibanda";
				TargetAttributes = {
					431694D824D4A46B00674FA2 = {
						CreatedOnToolsVersion = 11.6;
					};
				};
			};
			buildConfigurationList = 431694D424D4A46B00674FA2 /* Build configuration list for PBXProject "AR HIreApp" */;
			compatibilityVersion = "Xcode 9.3";
			developmentRegion = en;
			hasScannedForEncodings = 0;
			knownRegions = (
				en,
				Base,
			);
			mainGroup = 431694D024D4A46B00674FA2;
			productRefGroup = 431694DA24D4A46B00674FA2 /* Products */;
			projectDirPath = "";
			projectRoot = "";
			targets = (
				431694D824D4A46B00674FA2 /* AR HIreApp */,
			);
		};
/* End PBXProject section */

/* Begin PBXResourcesBuildPhase section */
		431694D724D4A46B00674FA2 /* Resources */ = {
			isa = PBXResourcesBuildPhase;
			buildActionMask = 2147483647;
			files = (
				431694EC24D4A46D00674FA2 /* LaunchScreen.storyboard in Resources */,
				4316950524D4B10900674FA2 /* video.mp4 in Resources */,
				431694E924D4A46D00674FA2 /* Assets.xcassets in Resources */,
				431694E424D4A46B00674FA2 /* Main.storyboard in Resources */,
				4316950224D4AF0F00674FA2 /* GoogleService-Info.plist in Resources */,
			);
			runOnlyForDeploymentPostprocessing = 0;
		};
/* End PBXResourcesBuildPhase section */

/* Begin PBXShellScriptBuildPhase section */
		8799A242EA5A244BA5042A15 /* [CP] Embed Pods Frameworks */ = {
			isa = PBXShellScriptBuildPhase;
			buildActionMask = 2147483647;
			files = (
			);
			inputFileListPaths = (
				"${PODS_ROOT}/Target Support Files/Pods-AR HIreApp/Pods-AR HIreApp-frameworks-${CONFIGURATION}-input-files.xcfilelist",
			);
			name = "[CP] Embed Pods Frameworks";
			outputFileListPaths = (
				"${PODS_ROOT}/Target Support Files/Pods-AR HIreApp/Pods-AR HIreApp-frameworks-${CONFIGURATION}-output-files.xcfilelist",
			);
			runOnlyForDeploymentPostprocessing = 0;
			shellPath = /bin/sh;
			shellScript = "\"${PODS_ROOT}/Target Support Files/Pods-AR HIreApp/Pods-AR HIreApp-frameworks.sh\"\n";
			showEnvVarsInLog = 0;
		};
		AD726E64489A280E3896A5E0 /* [CP] Check Pods Manifest.lock */ = {
			isa = PBXShellScriptBuildPhase;
			buildActionMask = 2147483647;
			files = (
			);
			inputFileListPaths = (
			);
			inputPaths = (
				"${PODS_PODFILE_DIR_PATH}/Podfile.lock",
				"${PODS_ROOT}/Manifest.lock",
			);
			name = "[CP] Check Pods Manifest.lock";
			outputFileListPaths = (
			);
			outputPaths = (
				"$(DERIVED_FILE_DIR)/Pods-AR HIreApp-checkManifestLockResult.txt",
			);
			runOnlyForDeploymentPostprocessing = 0;
			shellPath = /bin/sh;
			shellScript = "diff \"${PODS_PODFILE_DIR_PATH}/Podfile.lock\" \"${PODS_ROOT}/Manifest.lock\" > /dev/null\nif [ $? != 0 ] ; then\n    # print error to STDERR\n    echo \"error: The sandbox is not in sync with the Podfile.lock. Run 'pod install' or update your CocoaPods installation.\" >&2\n    exit 1\nfi\n# This output is used by Xcode 'outputs' to avoid re-running this script phase.\necho \"SUCCESS\" > \"${SCRIPT_OUTPUT_FILE_0}\"\n";
			showEnvVarsInLog = 0;
		};
/* End PBXShellScriptBuildPhase section */

/* Begin PBXSourcesBuildPhase section */
		431694D524D4A46B00674FA2 /* Sources */ = {
			isa = PBXSourcesBuildPhase;
			buildActionMask = 2147483647;
			files = (
				431694F924D4A90B00674FA2 /* LoginViewController.swift in Sources */,
				431694E124D4A46B00674FA2 /* ViewController.swift in Sources */,
				431694FD24D4A98B00674FA2 /* MainTabBarController.swift in Sources */,
				431694F724D4A8EB00674FA2 /* RegisterViewController.swift in Sources */,
				431694DD24D4A46B00674FA2 /* AppDelegate.swift in Sources */,
				431694E724D4A46B00674FA2 /* AR_HIreApp.xcdatamodeld in Sources */,
				431694FF24D4AA6200674FA2 /* Utilities.swift in Sources */,
				431694FB24D4A95300674FA2 /* HomeViewController.swift in Sources */,
				431694DF24D4A46B00674FA2 /* SceneDelegate.swift in Sources */,
			);
			runOnlyForDeploymentPostprocessing = 0;
		};
/* End PBXSourcesBuildPhase section */

/* Begin PBXVariantGroup section */
		431694E224D4A46B00674FA2 /* Main.storyboard */ = {
			isa = PBXVariantGroup;
			children = (
				431694E324D4A46B00674FA2 /* Base */,
			);
			name = Main.storyboard;
			sourceTree = "<group>";
		};
		431694EA24D4A46D00674FA2 /* LaunchScreen.storyboard */ = {
			isa = PBXVariantGroup;
			children = (
				431694EB24D4A46D00674FA2 /* Base */,
			);
			name = LaunchScreen.storyboard;
			sourceTree = "<group>";
		};
/* End PBXVariantGroup section */

/* Begin XCBuildConfiguration section */
		431694EE24D4A46D00674FA2 /* Debug */ = {
			isa = XCBuildConfiguration;
			buildSettings = {
				ALWAYS_SEARCH_USER_PATHS = NO;
				CLANG_ANALYZER_NONNULL = YES;
				CLANG_ANALYZER_NUMBER_OBJECT_CONVERSION = YES_AGGRESSIVE;
				CLANG_CXX_LANGUAGE_STANDARD = "gnu++14";
				CLANG_CXX_LIBRARY = "libc++";
				CLANG_ENABLE_MODULES = YES;
				CLANG_ENABLE_OBJC_ARC = YES;
				CLANG_ENABLE_OBJC_WEAK = YES;
				CLANG_WARN_BLOCK_CAPTURE_AUTORELEASING = YES;
				CLANG_WARN_BOOL_CONVERSION = YES;
				CLANG_WARN_COMMA = YES;
				CLANG_WARN_CONSTANT_CONVERSION = YES;
				CLANG_WARN_DEPRECATED_OBJC_IMPLEMENTATIONS = YES;
				CLANG_WARN_DIRECT_OBJC_ISA_USAGE = YES_ERROR;
				CLANG_WARN_DOCUMENTATION_COMMENTS = YES;
				CLANG_WARN_EMPTY_BODY = YES;
				CLANG_WARN_ENUM_CONVERSION = YES;
				CLANG_WARN_INFINITE_RECURSION = YES;
				CLANG_WARN_INT_CONVERSION = YES;
				CLANG_WARN_NON_LITERAL_NULL_CONVERSION = YES;
				CLANG_WARN_OBJC_IMPLICIT_RETAIN_SELF = YES;
				CLANG_WARN_OBJC_LITERAL_CONVERSION = YES;
				CLANG_WARN_OBJC_ROOT_CLASS = YES_ERROR;
				CLANG_WARN_RANGE_LOOP_ANALYSIS = YES;
				CLANG_WARN_STRICT_PROTOTYPES = YES;
				CLANG_WARN_SUSPICIOUS_MOVE = YES;
				CLANG_WARN_UNGUARDED_AVAILABILITY = YES_AGGRESSIVE;
				CLANG_WARN_UNREACHABLE_CODE = YES;
				CLANG_WARN__DUPLICATE_METHOD_MATCH = YES;
				COPY_PHASE_STRIP = NO;
				DEBUG_INFORMATION_FORMAT = dwarf;
				ENABLE_STRICT_OBJC_MSGSEND = YES;
				ENABLE_TESTABILITY = YES;
				GCC_C_LANGUAGE_STANDARD = gnu11;
				GCC_DYNAMIC_NO_PIC = NO;
				GCC_NO_COMMON_BLOCKS = YES;
				GCC_OPTIMIZATION_LEVEL = 0;
				GCC_PREPROCESSOR_DEFINITIONS = (
					"DEBUG=1",
					"$(inherited)",
				);
				GCC_WARN_64_TO_32_BIT_CONVERSION = YES;
				GCC_WARN_ABOUT_RETURN_TYPE = YES_ERROR;
				GCC_WARN_UNDECLARED_SELECTOR = YES;
				GCC_WARN_UNINITIALIZED_AUTOS = YES_AGGRESSIVE;
				GCC_WARN_UNUSED_FUNCTION = YES;
				GCC_WARN_UNUSED_VARIABLE = YES;
				IPHONEOS_DEPLOYMENT_TARGET = 13.6;
				MTL_ENABLE_DEBUG_INFO = INCLUDE_SOURCE;
				MTL_FAST_MATH = YES;
				ONLY_ACTIVE_ARCH = YES;
				SDKROOT = iphoneos;
				SWIFT_ACTIVE_COMPILATION_CONDITIONS = DEBUG;
				SWIFT_OPTIMIZATION_LEVEL = "-Onone";
			};
			name = Debug;
		};
		431694EF24D4A46D00674FA2 /* Release */ = {
			isa = XCBuildConfiguration;
			buildSettings = {
				ALWAYS_SEARCH_USER_PATHS = NO;
				CLANG_ANALYZER_NONNULL = YES;
				CLANG_ANALYZER_NUMBER_OBJECT_CONVERSION = YES_AGGRESSIVE;
				CLANG_CXX_LANGUAGE_STANDARD = "gnu++14";
				CLANG_CXX_LIBRARY = "libc++";
				CLANG_ENABLE_MODULES = YES;
				CLANG_ENABLE_OBJC_ARC = YES;
				CLANG_ENABLE_OBJC_WEAK = YES;
				CLANG_WARN_BLOCK_CAPTURE_AUTORELEASING = YES;
				CLANG_WARN_BOOL_CONVERSION = YES;
				CLANG_WARN_COMMA = YES;
				CLANG_WARN_CONSTANT_CONVERSION = YES;
				CLANG_WARN_DEPRECATED_OBJC_IMPLEMENTATIONS = YES;
				CLANG_WARN_DIRECT_OBJC_ISA_USAGE = YES_ERROR;
				CLANG_WARN_DOCUMENTATION_COMMENTS = YES;
				CLANG_WARN_EMPTY_BODY = YES;
				CLANG_WARN_ENUM_CONVERSION = YES;
				CLANG_WARN_INFINITE_RECURSION = YES;
				CLANG_WARN_INT_CONVERSION = YES;
				CLANG_WARN_NON_LITERAL_NULL_CONVERSION = YES;
				CLANG_WARN_OBJC_IMPLICIT_RETAIN_SELF = YES;
				CLANG_WARN_OBJC_LITERAL_CONVERSION = YES;
				CLANG_WARN_OBJC_ROOT_CLASS = YES_ERROR;
				CLANG_WARN_RANGE_LOOP_ANALYSIS = YES;
				CLANG_WARN_STRICT_PROTOTYPES = YES;
				CLANG_WARN_SUSPICIOUS_MOVE = YES;
				CLANG_WARN_UNGUARDED_AVAILABILITY = YES_AGGRESSIVE;
				CLANG_WARN_UNREACHABLE_CODE = YES;
				CLANG_WARN__DUPLICATE_METHOD_MATCH = YES;
				COPY_PHASE_STRIP = NO;
				DEBUG_INFORMATION_FORMAT = "dwarf-with-dsym";
				ENABLE_NS_ASSERTIONS = NO;
				ENABLE_STRICT_OBJC_MSGSEND = YES;
				GCC_C_LANGUAGE_STANDARD = gnu11;
				GCC_NO_COMMON_BLOCKS = YES;
				GCC_WARN_64_TO_32_BIT_CONVERSION = YES;
				GCC_WARN_ABOUT_RETURN_TYPE = YES_ERROR;
				GCC_WARN_UNDECLARED_SELECTOR = YES;
				GCC_WARN_UNINITIALIZED_AUTOS = YES_AGGRESSIVE;
				GCC_WARN_UNUSED_FUNCTION = YES;
				GCC_WARN_UNUSED_VARIABLE = YES;
				IPHONEOS_DEPLOYMENT_TARGET = 13.6;
				MTL_ENABLE_DEBUG_INFO = NO;
				MTL_FAST_MATH = YES;
				SDKROOT = iphoneos;
				SWIFT_COMPILATION_MODE = wholemodule;
				SWIFT_OPTIMIZATION_LEVEL = "-O";
				VALIDATE_PRODUCT = YES;
			};
			name = Release;
		};
		431694F124D4A46D00674FA2 /* Debug */ = {
			isa = XCBuildConfiguration;
			baseConfigurationReference = DF94ABA288D2479805DB8EBA /* Pods-AR HIreApp.debug.xcconfig */;
			buildSettings = {
				ASSETCATALOG_COMPILER_APPICON_NAME = AppIcon;
				CODE_SIGN_STYLE = Automatic;
				DEVELOPMENT_TEAM = UU75K73JA4;
				INFOPLIST_FILE = "AR HIreApp/Info.plist";
				LD_RUNPATH_SEARCH_PATHS = (
					"$(inherited)",
					"@executable_path/Frameworks",
				);
				PRODUCT_BUNDLE_IDENTIFIER = "com.cryton.AR-HIreApp";
				PRODUCT_NAME = "$(TARGET_NAME)";
				SWIFT_VERSION = 5.0;
				TARGETED_DEVICE_FAMILY = "1,2";
			};
			name = Debug;
		};
		431694F224D4A46D00674FA2 /* Release */ = {
			isa = XCBuildConfiguration;
			baseConfigurationReference = 5DFED36A7FFACB6A339901E0 /* Pods-AR HIreApp.release.xcconfig */;
			buildSettings = {
				ASSETCATALOG_COMPILER_APPICON_NAME = AppIcon;
				CODE_SIGN_STYLE = Automatic;
				DEVELOPMENT_TEAM = UU75K73JA4;
				INFOPLIST_FILE = "AR HIreApp/Info.plist";
				LD_RUNPATH_SEARCH_PATHS = (
					"$(inherited)",
					"@executable_path/Frameworks",
				);
				PRODUCT_BUNDLE_IDENTIFIER = "com.cryton.AR-HIreApp";
				PRODUCT_NAME = "$(TARGET_NAME)";
				SWIFT_VERSION = 5.0;
				TARGETED_DEVICE_FAMILY = "1,2";
			};
			name = Release;
		};
/* End XCBuildConfiguration section */

/* Begin XCConfigurationList section */
		431694D424D4A46B00674FA2 /* Build configuration list for PBXProject "AR HIreApp" */ = {
			isa = XCConfigurationList;
			buildConfigurations = (
				431694EE24D4A46D00674FA2 /* Debug */,
				431694EF24D4A46D00674FA2 /* Release */,
			);
			defaultConfigurationIsVisible = 0;
			defaultConfigurationName = Release;
		};
		431694F024D4A46D00674FA2 /* Build configuration list for PBXNativeTarget "AR HIreApp" */ = {
			isa = XCConfigurationList;
			buildConfigurations = (
				431694F124D4A46D00674FA2 /* Debug */,
				431694F224D4A46D00674FA2 /* Release */,
			);
			defaultConfigurationIsVisible = 0;
			defaultConfigurationName = Release;
		};
/* End XCConfigurationList section */

/* Begin XCVersionGroup section */
		431694E524D4A46B00674FA2 /* AR_HIreApp.xcdatamodeld */ = {
			isa = XCVersionGroup;
			children = (
				431694E624D4A46B00674FA2 /* AR_HIreApp.xcdatamodel */,
			);
			currentVersion = 431694E624D4A46B00674FA2 /* AR_HIreApp.xcdatamodel */;
			path = AR_HIreApp.xcdatamodeld;
			sourceTree = "<group>";
			versionGroupType = wrapper.xcdatamodel;
		};
/* End XCVersionGroup section */
	};
	rootObject = 431694D124D4A46B00674FA2 /* Project object */;
}
